// !$*UTF8*$!
{
	archiveVersion = 1;
	classes = {
	};
	objectVersion = 46;
	objects = {

/* Begin PBXBuildFile section */
		95B54A5E1F3D1EE20081D3A8 /* AppDelegate.swift in Sources */ = {isa = PBXBuildFile; fileRef = 95B54A5D1F3D1EE20081D3A8 /* AppDelegate.swift */; };
		95B54A601F3D1EE20081D3A8 /* ViewController.swift in Sources */ = {isa = PBXBuildFile; fileRef = 95B54A5F1F3D1EE20081D3A8 /* ViewController.swift */; };
		95B54A631F3D1EE20081D3A8 /* Main.storyboard in Resources */ = {isa = PBXBuildFile; fileRef = 95B54A611F3D1EE20081D3A8 /* Main.storyboard */; };
		95B54A651F3D1EE20081D3A8 /* Assets.xcassets in Resources */ = {isa = PBXBuildFile; fileRef = 95B54A641F3D1EE20081D3A8 /* Assets.xcassets */; };
		95B54A681F3D1EE20081D3A8 /* LaunchScreen.storyboard in Resources */ = {isa = PBXBuildFile; fileRef = 95B54A661F3D1EE20081D3A8 /* LaunchScreen.storyboard */; };
		95B54A771F3D22330081D3A8 /* UnitTestPracticeTests.swift in Sources */ = {isa = PBXBuildFile; fileRef = 95B54A761F3D22330081D3A8 /* UnitTestPracticeTests.swift */; };
/* End PBXBuildFile section */

/* Begin PBXContainerItemProxy section */
		95B54A791F3D22330081D3A8 /* PBXContainerItemProxy */ = {
			isa = PBXContainerItemProxy;
			containerPortal = 95B54A521F3D1EE20081D3A8 /* Project object */;
			proxyType = 1;
			remoteGlobalIDString = 95B54A591F3D1EE20081D3A8;
			remoteInfo = UnitTestPractice;
		};
/* End PBXContainerItemProxy section */

/* Begin PBXFileReference section */
		95B54A5A1F3D1EE20081D3A8 /* UnitTestPractice.app */ = {isa = PBXFileReference; explicitFileType = wrapper.application; includeInIndex = 0; path = UnitTestPractice.app; sourceTree = BUILT_PRODUCTS_DIR; };
		95B54A5D1F3D1EE20081D3A8 /* AppDelegate.swift */ = {isa = PBXFileReference; lastKnownFileType = sourcecode.swift; path = AppDelegate.swift; sourceTree = "<group>"; };
		95B54A5F1F3D1EE20081D3A8 /* ViewController.swift */ = {isa = PBXFileReference; lastKnownFileType = sourcecode.swift; path = ViewController.swift; sourceTree = "<group>"; };
		95B54A621F3D1EE20081D3A8 /* Base */ = {isa = PBXFileReference; lastKnownFileType = file.storyboard; name = Base; path = Base.lproj/Main.storyboard; sourceTree = "<group>"; };
		95B54A641F3D1EE20081D3A8 /* Assets.xcassets */ = {isa = PBXFileReference; lastKnownFileType = folder.assetcatalog; path = Assets.xcassets; sourceTree = "<group>"; };
		95B54A671F3D1EE20081D3A8 /* Base */ = {isa = PBXFileReference; lastKnownFileType = file.storyboard; name = Base; path = Base.lproj/LaunchScreen.storyboard; sourceTree = "<group>"; };
		95B54A691F3D1EE20081D3A8 /* Info.plist */ = {isa = PBXFileReference; lastKnownFileType = text.plist.xml; path = Info.plist; sourceTree = "<group>"; };
		95B54A741F3D22320081D3A8 /* UnitTestPracticeTests.xctest */ = {isa = PBXFileReference; explicitFileType = wrapper.cfbundle; includeInIndex = 0; path = UnitTestPracticeTests.xctest; sourceTree = BUILT_PRODUCTS_DIR; };
		95B54A761F3D22330081D3A8 /* UnitTestPracticeTests.swift */ = {isa = PBXFileReference; lastKnownFileType = sourcecode.swift; path = UnitTestPracticeTests.swift; sourceTree = "<group>"; };
		95B54A781F3D22330081D3A8 /* Info.plist */ = {isa = PBXFileReference; lastKnownFileType = text.plist.xml; path = Info.plist; sourceTree = "<group>"; };
/* End PBXFileReference section */

/* Begin PBXFrameworksBuildPhase section */
		95B54A571F3D1EE20081D3A8 /* Frameworks */ = {
			isa = PBXFrameworksBuildPhase;
			buildActionMask = 2147483647;
			files = (
			);
			runOnlyForDeploymentPostprocessing = 0;
		};
		95B54A711F3D22320081D3A8 /* Frameworks */ = {
			isa = PBXFrameworksBuildPhase;
			buildActionMask = 2147483647;
			files = (
			);
			runOnlyForDeploymentPostprocessing = 0;
		};
/* End PBXFrameworksBuildPhase section */

/* Begin PBXGroup section */
		95B54A511F3D1EE20081D3A8 = {
			isa = PBXGroup;
			children = (
				95B54A5C1F3D1EE20081D3A8 /* UnitTestPractice */,
				95B54A751F3D22330081D3A8 /* UnitTestPracticeTests */,
				95B54A5B1F3D1EE20081D3A8 /* Products */,
			);
			sourceTree = "<group>";
		};
		95B54A5B1F3D1EE20081D3A8 /* Products */ = {
			isa = PBXGroup;
			children = (
				95B54A5A1F3D1EE20081D3A8 /* UnitTestPractice.app */,
				95B54A741F3D22320081D3A8 /* UnitTestPracticeTests.xctest */,
			);
			name = Products;
			sourceTree = "<group>";
		};
		95B54A5C1F3D1EE20081D3A8 /* UnitTestPractice */ = {
			isa = PBXGroup;
			children = (
				95B54A5F1F3D1EE20081D3A8 /* ViewController.swift */,
				95B54A611F3D1EE20081D3A8 /* Main.storyboard */,
				95B54A6F1F3D1EEE0081D3A8 /* Resources */,
			);
			path = UnitTestPractice;
			sourceTree = "<group>";
		};
		95B54A6F1F3D1EEE0081D3A8 /* Resources */ = {
			isa = PBXGroup;
			children = (
				95B54A5D1F3D1EE20081D3A8 /* AppDelegate.swift */,
				95B54A641F3D1EE20081D3A8 /* Assets.xcassets */,
				95B54A661F3D1EE20081D3A8 /* LaunchScreen.storyboard */,
				95B54A691F3D1EE20081D3A8 /* Info.plist */,
			);
			name = Resources;
			sourceTree = "<group>";
		};
		95B54A751F3D22330081D3A8 /* UnitTestPracticeTests */ = {
			isa = PBXGroup;
			children = (
				95B54A761F3D22330081D3A8 /* UnitTestPracticeTests.swift */,
				95B54A781F3D22330081D3A8 /* Info.plist */,
			);
			path = UnitTestPracticeTests;
			sourceTree = "<group>";
		};
/* End PBXGroup section */

/* Begin PBXNativeTarget section */
		95B54A591F3D1EE20081D3A8 /* UnitTestPractice */ = {
			isa = PBXNativeTarget;
			buildConfigurationList = 95B54A6C1F3D1EE20081D3A8 /* Build configuration list for PBXNativeTarget "UnitTestPractice" */;
			buildPhases = (
				95B54A561F3D1EE20081D3A8 /* Sources */,
				95B54A571F3D1EE20081D3A8 /* Frameworks */,
				95B54A581F3D1EE20081D3A8 /* Resources */,
			);
			buildRules = (
			);
			dependencies = (
			);
			name = UnitTestPractice;
			productName = UnitTestPractice;
			productReference = 95B54A5A1F3D1EE20081D3A8 /* UnitTestPractice.app */;
			productType = "com.apple.product-type.application";
		};
		95B54A731F3D22320081D3A8 /* UnitTestPracticeTests */ = {
			isa = PBXNativeTarget;
			buildConfigurationList = 95B54A7B1F3D22330081D3A8 /* Build configuration list for PBXNativeTarget "UnitTestPracticeTests" */;
			buildPhases = (
				95B54A701F3D22320081D3A8 /* Sources */,
				95B54A711F3D22320081D3A8 /* Frameworks */,
				95B54A721F3D22320081D3A8 /* Resources */,
			);
			buildRules = (
			);
			dependencies = (
				95B54A7A1F3D22330081D3A8 /* PBXTargetDependency */,
			);
			name = UnitTestPracticeTests;
			productName = UnitTestPracticeTests;
			productReference = 95B54A741F3D22320081D3A8 /* UnitTestPracticeTests.xctest */;
			productType = "com.apple.product-type.bundle.unit-test";
		};
/* End PBXNativeTarget section */

/* Begin PBXProject section */
		95B54A521F3D1EE20081D3A8 /* Project object */ = {
			isa = PBXProject;
			attributes = {
				LastSwiftUpdateCheck = 0830;
				LastUpgradeCheck = 0830;
				ORGANIZATIONNAME = LuisPuentes;
				TargetAttributes = {
					95B54A591F3D1EE20081D3A8 = {
						CreatedOnToolsVersion = 8.3.3;
						DevelopmentTeam = H9L7P6ZCN6;
						ProvisioningStyle = Automatic;
					};
					95B54A731F3D22320081D3A8 = {
						CreatedOnToolsVersion = 8.3.3;
						DevelopmentTeam = H9L7P6ZCN6;
						ProvisioningStyle = Automatic;
						TestTargetID = 95B54A591F3D1EE20081D3A8;
					};
				};
			};
			buildConfigurationList = 95B54A551F3D1EE20081D3A8 /* Build configuration list for PBXProject "UnitTestPractice" */;
			compatibilityVersion = "Xcode 3.2";
			developmentRegion = English;
			hasScannedForEncodings = 0;
			knownRegions = (
				en,
				Base,
			);
			mainGroup = 95B54A511F3D1EE20081D3A8;
			productRefGroup = 95B54A5B1F3D1EE20081D3A8 /* Products */;
			projectDirPath = "";
			projectRoot = "";
			targets = (
				95B54A591F3D1EE20081D3A8 /* UnitTestPractice */,
				95B54A731F3D22320081D3A8 /* UnitTestPracticeTests */,
			);
		};
/* End PBXProject section */

/* Begin PBXResourcesBuildPhase section */
		95B54A581F3D1EE20081D3A8 /* Resources */ = {
			isa = PBXResourcesBuildPhase;
			buildActionMask = 2147483647;
			files = (
				95B54A681F3D1EE20081D3A8 /* LaunchScreen.storyboard in Resources */,
				95B54A651F3D1EE20081D3A8 /* Assets.xcassets in Resources */,
				95B54A631F3D1EE20081D3A8 /* Main.storyboard in Resources */,
			);
			runOnlyForDeploymentPostprocessing = 0;
		};
		95B54A721F3D22320081D3A8 /* Resources */ = {
			isa = PBXResourcesBuildPhase;
			buildActionMask = 2147483647;
			files = (
			);
			runOnlyForDeploymentPostprocessing = 0;
		};
/* End PBXResourcesBuildPhase section */

/* Begin PBXSourcesBuildPhase section */
		95B54A561F3D1EE20081D3A8 /* Sources */ = {
			isa = PBXSourcesBuildPhase;
			buildActionMask = 2147483647;
			files = (
				95B54A601F3D1EE20081D3A8 /* ViewController.swift in Sources */,
				95B54A5E1F3D1EE20081D3A8 /* AppDelegate.swift in Sources */,
			);
			runOnlyForDeploymentPostprocessing = 0;
		};
		95B54A701F3D22320081D3A8 /* Sources */ = {
			isa = PBXSourcesBuildPhase;
			buildActionMask = 2147483647;
			files = (
				95B54A771F3D22330081D3A8 /* UnitTestPracticeTests.swift in Sources */,
			);
			runOnlyForDeploymentPostprocessing = 0;
		};
/* End PBXSourcesBuildPhase section */

/* Begin PBXTargetDependency section */
		95B54A7A1F3D22330081D3A8 /* PBXTargetDependency */ = {
			isa = PBXTargetDependency;
			target = 95B54A591F3D1EE20081D3A8 /* UnitTestPractice */;
			targetProxy = 95B54A791F3D22330081D3A8 /* PBXContainerItemProxy */;
		};
/* End PBXTargetDependency section */

/* Begin PBXVariantGroup section */
		95B54A611F3D1EE20081D3A8 /* Main.storyboard */ = {
			isa = PBXVariantGroup;
			children = (
				95B54A621F3D1EE20081D3A8 /* Base */,
			);
			name = Main.storyboard;
			sourceTree = "<group>";
		};
		95B54A661F3D1EE20081D3A8 /* LaunchScreen.storyboard */ = {
			isa = PBXVariantGroup;
			children = (
				95B54A671F3D1EE20081D3A8 /* Base */,
			);
			name = LaunchScreen.storyboard;
			sourceTree = "<group>";
		};
/* End PBXVariantGroup section */

/* Begin XCBuildConfiguration section */
		95B54A6A1F3D1EE20081D3A8 /* Debug */ = {
			isa = XCBuildConfiguration;
			buildSettings = {
				ALWAYS_SEARCH_USER_PATHS = NO;
				CLANG_ANALYZER_NONNULL = YES;
				CLANG_ANALYZER_NUMBER_OBJECT_CONVERSION = YES_AGGRESSIVE;
				CLANG_CXX_LANGUAGE_STANDARD = "gnu++0x";
				CLANG_CXX_LIBRARY = "libc++";
				CLANG_ENABLE_MODULES = YES;
				CLANG_ENABLE_OBJC_ARC = YES;
				CLANG_WARN_BOOL_CONVERSION = YES;
				CLANG_WARN_CONSTANT_CONVERSION = YES;
				CLANG_WARN_DIRECT_OBJC_ISA_USAGE = YES_ERROR;
				CLANG_WARN_DOCUMENTATION_COMMENTS = YES;
				CLANG_WARN_EMPTY_BODY = YES;
				CLANG_WARN_ENUM_CONVERSION = YES;
				CLANG_WARN_INFINITE_RECURSION = YES;
				CLANG_WARN_INT_CONVERSION = YES;
				CLANG_WARN_OBJC_ROOT_CLASS = YES_ERROR;
				CLANG_WARN_SUSPICIOUS_MOVE = YES;
				CLANG_WARN_UNREACHABLE_CODE = YES;
				CLANG_WARN__DUPLICATE_METHOD_MATCH = YES;
				"CODE_SIGN_IDENTITY[sdk=iphoneos*]" = "iPhone Developer";
				COPY_PHASE_STRIP = NO;
				DEBUG_INFORMATION_FORMAT = dwarf;
				ENABLE_STRICT_OBJC_MSGSEND = YES;
				ENABLE_TESTABILITY = YES;
				GCC_C_LANGUAGE_STANDARD = gnu99;
				GCC_DYNAMIC_NO_PIC = NO;
				GCC_NO_COMMON_BLOCKS = YES;
				GCC_OPTIMIZATION_LEVEL = 0;
				GCC_PREPROCESSOR_DEFINITIONS = (
					"DEBUG=1",
					"$(inherited)",
				);
				GCC_WARN_64_TO_32_BIT_CONVERSION = YES;
				GCC_WARN_ABOUT_RETURN_TYPE = YES_ERROR;
				GCC_WARN_UNDECLARED_SELECTOR = YES;
				GCC_WARN_UNINITIALIZED_AUTOS = YES_AGGRESSIVE;
				GCC_WARN_UNUSED_FUNCTION = YES;
				GCC_WARN_UNUSED_VARIABLE = YES;
				IPHONEOS_DEPLOYMENT_TARGET = 10.3;
				MTL_ENABLE_DEBUG_INFO = YES;
				ONLY_ACTIVE_ARCH = YES;
				SDKROOT = iphoneos;
				SWIFT_ACTIVE_COMPILATION_CONDITIONS = DEBUG;
				SWIFT_OPTIMIZATION_LEVEL = "-Onone";
				TARGETED_DEVICE_FAMILY = "1,2";
			};
			name = Debug;
		};
		95B54A6B1F3D1EE20081D3A8 /* Release */ = {
			isa = XCBuildConfiguration;
			buildSettings = {
				ALWAYS_SEARCH_USER_PATHS = NO;
				CLANG_ANALYZER_NONNULL = YES;
				CLANG_ANALYZER_NUMBER_OBJECT_CONVERSION = YES_AGGRESSIVE;
				CLANG_CXX_LANGUAGE_STANDARD = "gnu++0x";
				CLANG_CXX_LIBRARY = "libc++";
				CLANG_ENABLE_MODULES = YES;
				CLANG_ENABLE_OBJC_ARC = YES;
				CLANG_WARN_BOOL_CONVERSION = YES;
				CLANG_WARN_CONSTANT_CONVERSION = YES;
				CLANG_WARN_DIRECT_OBJC_ISA_USAGE = YES_ERROR;
				CLANG_WARN_DOCUMENTATION_COMMENTS = YES;
				CLANG_WARN_EMPTY_BODY = YES;
				CLANG_WARN_ENUM_CONVERSION = YES;
				CLANG_WARN_INFINITE_RECURSION = YES;
				CLANG_WARN_INT_CONVERSION = YES;
				CLANG_WARN_OBJC_ROOT_CLASS = YES_ERROR;
				CLANG_WARN_SUSPICIOUS_MOVE = YES;
				CLANG_WARN_UNREACHABLE_CODE = YES;
				CLANG_WARN__DUPLICATE_METHOD_MATCH = YES;
				"CODE_SIGN_IDENTITY[sdk=iphoneos*]" = "iPhone Developer";
				COPY_PHASE_STRIP = NO;
				DEBUG_INFORMATION_FORMAT = "dwarf-with-dsym";
				ENABLE_NS_ASSERTIONS = NO;
				ENABLE_STRICT_OBJC_MSGSEND = YES;
				GCC_C_LANGUAGE_STANDARD = gnu99;
				GCC_NO_COMMON_BLOCKS = YES;
				GCC_WARN_64_TO_32_BIT_CONVERSION = YES;
				GCC_WARN_ABOUT_RETURN_TYPE = YES_ERROR;
				GCC_WARN_UNDECLARED_SELECTOR = YES;
				GCC_WARN_UNINITIALIZED_AUTOS = YES_AGGRESSIVE;
				GCC_WARN_UNUSED_FUNCTION = YES;
				GCC_WARN_UNUSED_VARIABLE = YES;
				IPHONEOS_DEPLOYMENT_TARGET = 10.3;
				MTL_ENABLE_DEBUG_INFO = NO;
				SDKROOT = iphoneos;
				SWIFT_OPTIMIZATION_LEVEL = "-Owholemodule";
				TARGETED_DEVICE_FAMILY = "1,2";
				VALIDATE_PRODUCT = YES;
			};
			name = Release;
		};
		95B54A6D1F3D1EE20081D3A8 /* Debug */ = {
			isa = XCBuildConfiguration;
			buildSettings = {
				ASSETCATALOG_COMPILER_APPICON_NAME = AppIcon;
				DEVELOPMENT_TEAM = H9L7P6ZCN6;
				INFOPLIST_FILE = UnitTestPractice/Info.plist;
				LD_RUNPATH_SEARCH_PATHS = "$(inherited) @executable_path/Frameworks";
				PRODUCT_BUNDLE_IDENTIFIER = com.UnitTestPractice;
				PRODUCT_NAME = "$(TARGET_NAME)";
				SWIFT_VERSION = 3.0;
			};
			name = Debug;
		};
		95B54A6E1F3D1EE20081D3A8 /* Release */ = {
			isa = XCBuildConfiguration;
			buildSettings = {
				ASSETCATALOG_COMPILER_APPICON_NAME = AppIcon;
				DEVELOPMENT_TEAM = H9L7P6ZCN6;
				INFOPLIST_FILE = UnitTestPractice/Info.plist;
				LD_RUNPATH_SEARCH_PATHS = "$(inherited) @executable_path/Frameworks";
				PRODUCT_BUNDLE_IDENTIFIER = com.UnitTestPractice;
				PRODUCT_NAME = "$(TARGET_NAME)";
				SWIFT_VERSION = 3.0;
			};
			name = Release;
		};
		95B54A7C1F3D22330081D3A8 /* Debug */ = {
			isa = XCBuildConfiguration;
			buildSettings = {
				BUNDLE_LOADER = "$(TEST_HOST)";
				DEVELOPMENT_TEAM = H9L7P6ZCN6;
				INFOPLIST_FILE = UnitTestPracticeTests/Info.plist;
				LD_RUNPATH_SEARCH_PATHS = "$(inherited) @executable_path/Frameworks @loader_path/Frameworks";
				PRODUCT_BUNDLE_IDENTIFIER = com.UnitTestPracticeTests;
				PRODUCT_NAME = "$(TARGET_NAME)";
				SWIFT_VERSION = 3.0;
				TEST_HOST = "$(BUILT_PRODUCTS_DIR)/UnitTestPractice.app/UnitTestPractice";
			};
			name = Debug;
		};
		95B54A7D1F3D22330081D3A8 /* Release */ = {
			isa = XCBuildConfiguration;
			buildSettings = {
				BUNDLE_LOADER = "$(TEST_HOST)";
				DEVELOPMENT_TEAM = H9L7P6ZCN6;
				INFOPLIST_FILE = UnitTestPracticeTests/Info.plist;
				LD_RUNPATH_SEARCH_PATHS = "$(inherited) @executable_path/Frameworks @loader_path/Frameworks";
				PRODUCT_BUNDLE_IDENTIFIER = com.UnitTestPracticeTests;
				PRODUCT_NAME = "$(TARGET_NAME)";
				SWIFT_VERSION = 3.0;
				TEST_HOST = "$(BUILT_PRODUCTS_DIR)/UnitTestPractice.app/UnitTestPractice";
			};
			name = Release;
		};
/* End XCBuildConfiguration section */

/* Begin XCConfigurationList section */
		95B54A551F3D1EE20081D3A8 /* Build configuration list for PBXProject "UnitTestPractice" */ = {
			isa = XCConfigurationList;
			buildConfigurations = (
				95B54A6A1F3D1EE20081D3A8 /* Debug */,
				95B54A6B1F3D1EE20081D3A8 /* Release */,
			);
			defaultConfigurationIsVisible = 0;
			defaultConfigurationName = Release;
		};
		95B54A6C1F3D1EE20081D3A8 /* Build configuration list for PBXNativeTarget "UnitTestPractice" */ = {
			isa = XCConfigurationList;
			buildConfigurations = (
				95B54A6D1F3D1EE20081D3A8 /* Debug */,
				95B54A6E1F3D1EE20081D3A8 /* Release */,
			);
			defaultConfigurationIsVisible = 0;
		};
		95B54A7B1F3D22330081D3A8 /* Build configuration list for PBXNativeTarget "UnitTestPracticeTests" */ = {
			isa = XCConfigurationList;
			buildConfigurations = (
				95B54A7C1F3D22330081D3A8 /* Debug */,
				95B54A7D1F3D22330081D3A8 /* Release */,
			);
			defaultConfigurationIsVisible = 0;
		};
/* End XCConfigurationList section */
	};
	rootObject = 95B54A521F3D1EE20081D3A8 /* Project object */;
}
